
Microsoft Visual Studio Solution File, Format Version 12.00
# Visual Studio Version 16
VisualStudioVersion = 16.0.30611.23
MinimumVisualStudioVersion = 10.0.40219.1
Project("{FAE04EC0-301F-11D3-BF4B-00C04F79EFBC}") = "SportNews247", "SportNews247\SportNews247.csproj", "{EC9CF63C-6817-4D4D-A039-63B6DAF14858}"
EndProject
Global
	GlobalSection(SolutionConfigurationPlatforms) = preSolution
		Debug|Any CPU = Debug|Any CPU
		Release|Any CPU = Release|Any CPU
	EndGlobalSection
	GlobalSection(ProjectConfigurationPlatforms) = postSolution
		{EC9CF63C-6817-4D4D-A039-63B6DAF14858}.Debug|Any CPU.ActiveCfg = Debug|Any CPU
		{EC9CF63C-6817-4D4D-A039-63B6DAF14858}.Debug|Any CPU.Build.0 = Debug|Any CPU
		{EC9CF63C-6817-4D4D-A039-63B6DAF14858}.Release|Any CPU.ActiveCfg = Release|Any CPU
		{EC9CF63C-6817-4D4D-A039-63B6DAF14858}.Release|Any CPU.Build.0 = Release|Any CPU
	EndGlobalSection
	GlobalSection(SolutionProperties) = preSolution
		HideSolutionNode = FALSE
	EndGlobalSection
	GlobalSection(ExtensibilityGlobals) = postSolution
		SolutionGuid = {06875991-93BF-4C24-A160-A22F9FECF9AA}
	EndGlobalSection
EndGlobal
